
Microsoft Visual Studio Solution File, Format Version 12.00
# Visual Studio Version 17
VisualStudioVersion = 17.9.34902.65
MinimumVisualStudioVersion = 10.0.40219.1
Project("{FAE04EC0-301F-11D3-BF4B-00C04F79EFBC}") = "TheBlogs", "TheBlogs\TheBlogs.csproj", "{03EC2D1D-EDC8-49CB-9431-82D96C8932CF}"
EndProject
Global
	GlobalSection(SolutionConfigurationPlatforms) = preSolution
		Debug|Any CPU = Debug|Any CPU
		Release|Any CPU = Release|Any CPU
	EndGlobalSection
	GlobalSection(ProjectConfigurationPlatforms) = postSolution
		{03EC2D1D-EDC8-49CB-9431-82D96C8932CF}.Debug|Any CPU.ActiveCfg = Debug|Any CPU
		{03EC2D1D-EDC8-49CB-9431-82D96C8932CF}.Debug|Any CPU.Build.0 = Debug|Any CPU
		{03EC2D1D-EDC8-49CB-9431-82D96C8932CF}.Release|Any CPU.ActiveCfg = Release|Any CPU
		{03EC2D1D-EDC8-49CB-9431-82D96C8932CF}.Release|Any CPU.Build.0 = Release|Any CPU
	EndGlobalSection
	GlobalSection(SolutionProperties) = preSolution
		HideSolutionNode = FALSE
	EndGlobalSection
	GlobalSection(ExtensibilityGlobals) = postSolution
		SolutionGuid = {EF93AE46-734C-4AE4-A684-7828E36AA311}
	EndGlobalSection
EndGlobal
